
Microsoft Visual Studio Solution File, Format Version 12.00
# Visual Studio Version 16
VisualStudioVersion = 16.0.29201.188
MinimumVisualStudioVersion = 15.0.26124.0
Project("{9A19103F-16F7-4668-BE54-9A1E7A4F7556}") = "Niusys.Extensions.MessageQueue.RabbitMq", "Niusys.Extensions.MessageQueue.RabbitMq\Niusys.Extensions.MessageQueue.RabbitMq.csproj", "{84F49B32-9A8D-426F-B834-1566957BEDDC}"
EndProject
Project("{9A19103F-16F7-4668-BE54-9A1E7A4F7556}") = "Niusys.Extensions.Storage.Mongo", "Niusys.Extensions.Storage.Mongo\Niusys.Extensions.Storage.Mongo.csproj", "{0123C7E9-065F-4342-82DD-C379AE3BBA93}"
EndProject
Project("{9A19103F-16F7-4668-BE54-9A1E7A4F7556}") = "Niusys.Extensions", "Niusys.Extensions\Niusys.Extensions.csproj", "{9EA4962F-B1CA-47DE-9309-4AAC1481CD39}"
EndProject
Project("{9A19103F-16F7-4668-BE54-9A1E7A4F7556}") = "Niusys.Extensions.AspNetCore", "Niusys.Extensions.AspNetCore\Niusys.Extensions.AspNetCore.csproj", "{BB893E6B-87C9-4F3B-8F91-33F08CA3EBC1}"
EndProject
Project("{9A19103F-16F7-4668-BE54-9A1E7A4F7556}") = "Niusys.Extensions.Buses", "Niusys.Extensions.Buses\Niusys.Extensions.Buses.csproj", "{E8F5787D-6F79-493F-8124-54F9F05F96FA}"
EndProject
Project("{9A19103F-16F7-4668-BE54-9A1E7A4F7556}") = "Niusys.Extensions.Caching.Redis", "Niusys.Extensions.Caching.Redis\Niusys.Extensions.Caching.Redis.csproj", "{6ECAA92D-3AF5-40CE-8FD7-8B56F53940BE}"
EndProject
Project("{FAE04EC0-301F-11D3-BF4B-00C04F79EFBC}") = "Niusys.Extensions.DynamicCodeAuthenticator", "Niusys.Extensions.DynamicCodeAuthenticator\Niusys.Extensions.DynamicCodeAuthenticator.csproj", "{474F2AE7-CE4C-44AA-9D6C-821CB6034AA9}"
EndProject
Project("{FAE04EC0-301F-11D3-BF4B-00C04F79EFBC}") = "Niusys.Extensions.Storage.PostgreSql", "Niusys.Extensions.Storage.PostgreSql\Niusys.Extensions.Storage.PostgreSql.csproj", "{5BE46C05-32D3-4E67-B07A-A3CEF70B1B1C}"
EndProject
Project("{FAE04EC0-301F-11D3-BF4B-00C04F79EFBC}") = "Niusys.Extensions.AspNetCore.SpaServices", "Niusys.Extensions.AspNetCore.SpaServices\Niusys.Extensions.AspNetCore.SpaServices.csproj", "{9CB3F73E-A86C-4381-BA9C-4386A499BD88}"
EndProject
Global
	GlobalSection(SolutionConfigurationPlatforms) = preSolution
		Debug|Any CPU = Debug|Any CPU
		Debug|x64 = Debug|x64
		Debug|x86 = Debug|x86
		Release|Any CPU = Release|Any CPU
		Release|x64 = Release|x64
		Release|x86 = Release|x86
	EndGlobalSection
	GlobalSection(ProjectConfigurationPlatforms) = postSolution
		{84F49B32-9A8D-426F-B834-1566957BEDDC}.Debug|Any CPU.ActiveCfg = Debug|Any CPU
		{84F49B32-9A8D-426F-B834-1566957BEDDC}.Debug|Any CPU.Build.0 = Debug|Any CPU
		{84F49B32-9A8D-426F-B834-1566957BEDDC}.Debug|x64.ActiveCfg = Debug|Any CPU
		{84F49B32-9A8D-426F-B834-1566957BEDDC}.Debug|x64.Build.0 = Debug|Any CPU
		{84F49B32-9A8D-426F-B834-1566957BEDDC}.Debug|x86.ActiveCfg = Debug|Any CPU
		{84F49B32-9A8D-426F-B834-1566957BEDDC}.Debug|x86.Build.0 = Debug|Any CPU
		{84F49B32-9A8D-426F-B834-1566957BEDDC}.Release|Any CPU.ActiveCfg = Release|Any CPU
		{84F49B32-9A8D-426F-B834-1566957BEDDC}.Release|Any CPU.Build.0 = Release|Any CPU
		{84F49B32-9A8D-426F-B834-1566957BEDDC}.Release|x64.ActiveCfg = Release|Any CPU
		{84F49B32-9A8D-426F-B834-1566957BEDDC}.Release|x64.Build.0 = Release|Any CPU
		{84F49B32-9A8D-426F-B834-1566957BEDDC}.Release|x86.ActiveCfg = Release|Any CPU
		{84F49B32-9A8D-426F-B834-1566957BEDDC}.Release|x86.Build.0 = Release|Any CPU
		{0123C7E9-065F-4342-82DD-C379AE3BBA93}.Debug|Any CPU.ActiveCfg = Debug|Any CPU
		{0123C7E9-065F-4342-82DD-C379AE3BBA93}.Debug|Any CPU.Build.0 = Debug|Any CPU
		{0123C7E9-065F-4342-82DD-C379AE3BBA93}.Debug|x64.ActiveCfg = Debug|Any CPU
		{0123C7E9-065F-4342-82DD-C379AE3BBA93}.Debug|x64.Build.0 = Debug|Any CPU
		{0123C7E9-065F-4342-82DD-C379AE3BBA93}.Debug|x86.ActiveCfg = Debug|Any CPU
		{0123C7E9-065F-4342-82DD-C379AE3BBA93}.Debug|x86.Build.0 = Debug|Any CPU
		{0123C7E9-065F-4342-82DD-C379AE3BBA93}.Release|Any CPU.ActiveCfg = Release|Any CPU
		{0123C7E9-065F-4342-82DD-C379AE3BBA93}.Release|Any CPU.Build.0 = Release|Any CPU
		{0123C7E9-065F-4342-82DD-C379AE3BBA93}.Release|x64.ActiveCfg = Release|Any CPU
		{0123C7E9-065F-4342-82DD-C379AE3BBA93}.Release|x64.Build.0 = Release|Any CPU
		{0123C7E9-065F-4342-82DD-C379AE3BBA93}.Release|x86.ActiveCfg = Release|Any CPU
		{0123C7E9-065F-4342-82DD-C379AE3BBA93}.Release|x86.Build.0 = Release|Any CPU
		{9EA4962F-B1CA-47DE-9309-4AAC1481CD39}.Debug|Any CPU.ActiveCfg = Debug|Any CPU
		{9EA4962F-B1CA-47DE-9309-4AAC1481CD39}.Debug|Any CPU.Build.0 = Debug|Any CPU
		{9EA4962F-B1CA-47DE-9309-4AAC1481CD39}.Debug|x64.ActiveCfg = Debug|Any CPU
		{9EA4962F-B1CA-47DE-9309-4AAC1481CD39}.Debug|x64.Build.0 = Debug|Any CPU
		{9EA4962F-B1CA-47DE-9309-4AAC1481CD39}.Debug|x86.ActiveCfg = Debug|Any CPU
		{9EA4962F-B1CA-47DE-9309-4AAC1481CD39}.Debug|x86.Build.0 = Debug|Any CPU
		{9EA4962F-B1CA-47DE-9309-4AAC1481CD39}.Release|Any CPU.ActiveCfg = Release|Any CPU
		{9EA4962F-B1CA-47DE-9309-4AAC1481CD39}.Release|Any CPU.Build.0 = Release|Any CPU
		{9EA4962F-B1CA-47DE-9309-4AAC1481CD39}.Release|x64.ActiveCfg = Release|Any CPU
		{9EA4962F-B1CA-47DE-9309-4AAC1481CD39}.Release|x64.Build.0 = Release|Any CPU
		{9EA4962F-B1CA-47DE-9309-4AAC1481CD39}.Release|x86.ActiveCfg = Release|Any CPU
		{9EA4962F-B1CA-47DE-9309-4AAC1481CD39}.Release|x86.Build.0 = Release|Any CPU
		{BB893E6B-87C9-4F3B-8F91-33F08CA3EBC1}.Debug|Any CPU.ActiveCfg = Debug|Any CPU
		{BB893E6B-87C9-4F3B-8F91-33F08CA3EBC1}.Debug|Any CPU.Build.0 = Debug|Any CPU
		{BB893E6B-87C9-4F3B-8F91-33F08CA3EBC1}.Debug|x64.ActiveCfg = Debug|Any CPU
		{BB893E6B-87C9-4F3B-8F91-33F08CA3EBC1}.Debug|x64.Build.0 = Debug|Any CPU
		{BB893E6B-87C9-4F3B-8F91-33F08CA3EBC1}.Debug|x86.ActiveCfg = Debug|Any CPU
		{BB893E6B-87C9-4F3B-8F91-33F08CA3EBC1}.Debug|x86.Build.0 = Debug|Any CPU
		{BB893E6B-87C9-4F3B-8F91-33F08CA3EBC1}.Release|Any CPU.ActiveCfg = Release|Any CPU
		{BB893E6B-87C9-4F3B-8F91-33F08CA3EBC1}.Release|Any CPU.Build.0 = Release|Any CPU
		{BB893E6B-87C9-4F3B-8F91-33F08CA3EBC1}.Release|x64.ActiveCfg = Release|Any CPU
		{BB893E6B-87C9-4F3B-8F91-33F08CA3EBC1}.Release|x64.Build.0 = Release|Any CPU
		{BB893E6B-87C9-4F3B-8F91-33F08CA3EBC1}.Release|x86.ActiveCfg = Release|Any CPU
		{BB893E6B-87C9-4F3B-8F91-33F08CA3EBC1}.Release|x86.Build.0 = Release|Any CPU
		{E8F5787D-6F79-493F-8124-54F9F05F96FA}.Debug|Any CPU.ActiveCfg = Debug|Any CPU
		{E8F5787D-6F79-493F-8124-54F9F05F96FA}.Debug|Any CPU.Build.0 = Debug|Any CPU
		{E8F5787D-6F79-493F-8124-54F9F05F96FA}.Debug|x64.ActiveCfg = Debug|Any CPU
		{E8F5787D-6F79-493F-8124-54F9F05F96FA}.Debug|x64.Build.0 = Debug|Any CPU
		{E8F5787D-6F79-493F-8124-54F9F05F96FA}.Debug|x86.ActiveCfg = Debug|Any CPU
		{E8F5787D-6F79-493F-8124-54F9F05F96FA}.Debug|x86.Build.0 = Debug|Any CPU
		{E8F5787D-6F79-493F-8124-54F9F05F96FA}.Release|Any CPU.ActiveCfg = Release|Any CPU
		{E8F5787D-6F79-493F-8124-54F9F05F96FA}.Release|Any CPU.Build.0 = Release|Any CPU
		{E8F5787D-6F79-493F-8124-54F9F05F96FA}.Release|x64.ActiveCfg = Release|Any CPU
		{E8F5787D-6F79-493F-8124-54F9F05F96FA}.Release|x64.Build.0 = Release|Any CPU
		{E8F5787D-6F79-493F-8124-54F9F05F96FA}.Release|x86.ActiveCfg = Release|Any CPU
		{E8F5787D-6F79-493F-8124-54F9F05F96FA}.Release|x86.Build.0 = Release|Any CPU
		{6ECAA92D-3AF5-40CE-8FD7-8B56F53940BE}.Debug|Any CPU.ActiveCfg = Debug|Any CPU
		{6ECAA92D-3AF5-40CE-8FD7-8B56F53940BE}.Debug|Any CPU.Build.0 = Debug|Any CPU
		{6ECAA92D-3AF5-40CE-8FD7-8B56F53940BE}.Debug|x64.ActiveCfg = Debug|Any CPU
		{6ECAA92D-3AF5-40CE-8FD7-8B56F53940BE}.Debug|x64.Build.0 = Debug|Any CPU
		{6ECAA92D-3AF5-40CE-8FD7-8B56F53940BE}.Debug|x86.ActiveCfg = Debug|Any CPU
		{6ECAA92D-3AF5-40CE-8FD7-8B56F53940BE}.Debug|x86.Build.0 = Debug|Any CPU
		{6ECAA92D-3AF5-40CE-8FD7-8B56F53940BE}.Release|Any CPU.ActiveCfg = Release|Any CPU
		{6ECAA92D-3AF5-40CE-8FD7-8B56F53940BE}.Release|Any CPU.Build.0 = Release|Any CPU
		{6ECAA92D-3AF5-40CE-8FD7-8B56F53940BE}.Release|x64.ActiveCfg = Release|Any CPU
		{6ECAA92D-3AF5-40CE-8FD7-8B56F53940BE}.Release|x64.Build.0 = Release|Any CPU
		{6ECAA92D-3AF5-40CE-8FD7-8B56F53940BE}.Release|x86.ActiveCfg = Release|Any CPU
		{6ECAA92D-3AF5-40CE-8FD7-8B56F53940BE}.Release|x86.Build.0 = Release|Any CPU
		{474F2AE7-CE4C-44AA-9D6C-821CB6034AA9}.Debug|Any CPU.ActiveCfg = Debug|Any CPU
		{474F2AE7-CE4C-44AA-9D6C-821CB6034AA9}.Debug|Any CPU.Build.0 = Debug|Any CPU
		{474F2AE7-CE4C-44AA-9D6C-821CB6034AA9}.Debug|x64.ActiveCfg = Debug|Any CPU
		{474F2AE7-CE4C-44AA-9D6C-821CB6034AA9}.Debug|x64.Build.0 = Debug|Any CPU
		{474F2AE7-CE4C-44AA-9D6C-821CB6034AA9}.Debug|x86.ActiveCfg = Debug|Any CPU
		{474F2AE7-CE4C-44AA-9D6C-821CB6034AA9}.Debug|x86.Build.0 = Debug|Any CPU
		{474F2AE7-CE4C-44AA-9D6C-821CB6034AA9}.Release|Any CPU.ActiveCfg = Release|Any CPU
		{474F2AE7-CE4C-44AA-9D6C-821CB6034AA9}.Release|Any CPU.Build.0 = Release|Any CPU
		{474F2AE7-CE4C-44AA-9D6C-821CB6034AA9}.Release|x64.ActiveCfg = Release|Any CPU
		{474F2AE7-CE4C-44AA-9D6C-821CB6034AA9}.Release|x64.Build.0 = Release|Any CPU
		{474F2AE7-CE4C-44AA-9D6C-821CB6034AA9}.Release|x86.ActiveCfg = Release|Any CPU
		{474F2AE7-CE4C-44AA-9D6C-821CB6034AA9}.Release|x86.Build.0 = Release|Any CPU
		{5BE46C05-32D3-4E67-B07A-A3CEF70B1B1C}.Debug|Any CPU.ActiveCfg = Debug|Any CPU
		{5BE46C05-32D3-4E67-B07A-A3CEF70B1B1C}.Debug|Any CPU.Build.0 = Debug|Any CPU
		{5BE46C05-32D3-4E67-B07A-A3CEF70B1B1C}.Debug|x64.ActiveCfg = Debug|Any CPU
		{5BE46C05-32D3-4E67-B07A-A3CEF70B1B1C}.Debug|x64.Build.0 = Debug|Any CPU
		{5BE46C05-32D3-4E67-B07A-A3CEF70B1B1C}.Debug|x86.ActiveCfg = Debug|Any CPU
		{5BE46C05-32D3-4E67-B07A-A3CEF70B1B1C}.Debug|x86.Build.0 = Debug|Any CPU
		{5BE46C05-32D3-4E67-B07A-A3CEF70B1B1C}.Release|Any CPU.ActiveCfg = Release|Any CPU
		{5BE46C05-32D3-4E67-B07A-A3CEF70B1B1C}.Release|Any CPU.Build.0 = Release|Any CPU
		{5BE46C05-32D3-4E67-B07A-A3CEF70B1B1C}.Release|x64.ActiveCfg = Release|Any CPU
		{5BE46C05-32D3-4E67-B07A-A3CEF70B1B1C}.Release|x64.Build.0 = Release|Any CPU
		{5BE46C05-32D3-4E67-B07A-A3CEF70B1B1C}.Release|x86.ActiveCfg = Release|Any CPU
		{5BE46C05-32D3-4E67-B07A-A3CEF70B1B1C}.Release|x86.Build.0 = Release|Any CPU
		{9CB3F73E-A86C-4381-BA9C-4386A499BD88}.Debug|Any CPU.ActiveCfg = Debug|Any CPU
		{9CB3F73E-A86C-4381-BA9C-4386A499BD88}.Debug|Any CPU.Build.0 = Debug|Any CPU
		{9CB3F73E-A86C-4381-BA9C-4386A499BD88}.Debug|x64.ActiveCfg = Debug|Any CPU
		{9CB3F73E-A86C-4381-BA9C-4386A499BD88}.Debug|x64.Build.0 = Debug|Any CPU
		{9CB3F73E-A86C-4381-BA9C-4386A499BD88}.Debug|x86.ActiveCfg = Debug|Any CPU
		{9CB3F73E-A86C-4381-BA9C-4386A499BD88}.Debug|x86.Build.0 = Debug|Any CPU
		{9CB3F73E-A86C-4381-BA9C-4386A499BD88}.Release|Any CPU.ActiveCfg = Release|Any CPU
		{9CB3F73E-A86C-4381-BA9C-4386A499BD88}.Release|Any CPU.Build.0 = Release|Any CPU
		{9CB3F73E-A86C-4381-BA9C-4386A499BD88}.Release|x64.ActiveCfg = Release|Any CPU
		{9CB3F73E-A86C-4381-BA9C-4386A499BD88}.Release|x64.Build.0 = Release|Any CPU
		{9CB3F73E-A86C-4381-BA9C-4386A499BD88}.Release|x86.ActiveCfg = Release|Any CPU
		{9CB3F73E-A86C-4381-BA9C-4386A499BD88}.Release|x86.Build.0 = Release|Any CPU
	EndGlobalSection
	GlobalSection(SolutionProperties) = preSolution
		HideSolutionNode = FALSE
	EndGlobalSection
	GlobalSection(ExtensibilityGlobals) = postSolution
		SolutionGuid = {C2A22BA3-0435-444F-8DCF-01B1B05A1E18}
	EndGlobalSection
EndGlobal
